
Microsoft Visual Studio Solution File, Format Version 12.00
# Visual Studio Version 16
VisualStudioVersion = 16.0.29709.97
MinimumVisualStudioVersion = 10.0.40219.1
Project("{FAE04EC0-301F-11D3-BF4B-00C04F79EFBC}") = "OdeToFoodNew", "OdeToFoodNew.csproj", "{0FB38D5A-3A31-48FE-A899-BF7CFB2A08F8}"
EndProject
Project("{FAE04EC0-301F-11D3-BF4B-00C04F79EFBC}") = "OdeToFoodNew.Core", "..\OdeToFoodNew.Core\OdeToFoodNew.Core.csproj", "{95B5D32A-5226-429E-9CE4-98324D1B18AD}"
EndProject
Project("{FAE04EC0-301F-11D3-BF4B-00C04F79EFBC}") = "OdeToFoodNew.Data", "..\OdeToFood.Data\OdeToFoodNew.Data.csproj", "{774046B0-CDB5-4F6B-B297-A16C194753A8}"
EndProject
Global
	GlobalSection(SolutionConfigurationPlatforms) = preSolution
		Debug|Any CPU = Debug|Any CPU
		Release|Any CPU = Release|Any CPU
	EndGlobalSection
	GlobalSection(ProjectConfigurationPlatforms) = postSolution
		{0FB38D5A-3A31-48FE-A899-BF7CFB2A08F8}.Debug|Any CPU.ActiveCfg = Debug|Any CPU
		{0FB38D5A-3A31-48FE-A899-BF7CFB2A08F8}.Debug|Any CPU.Build.0 = Debug|Any CPU
		{0FB38D5A-3A31-48FE-A899-BF7CFB2A08F8}.Release|Any CPU.ActiveCfg = Release|Any CPU
		{0FB38D5A-3A31-48FE-A899-BF7CFB2A08F8}.Release|Any CPU.Build.0 = Release|Any CPU
		{95B5D32A-5226-429E-9CE4-98324D1B18AD}.Debug|Any CPU.ActiveCfg = Debug|Any CPU
		{95B5D32A-5226-429E-9CE4-98324D1B18AD}.Debug|Any CPU.Build.0 = Debug|Any CPU
		{95B5D32A-5226-429E-9CE4-98324D1B18AD}.Release|Any CPU.ActiveCfg = Release|Any CPU
		{95B5D32A-5226-429E-9CE4-98324D1B18AD}.Release|Any CPU.Build.0 = Release|Any CPU
		{774046B0-CDB5-4F6B-B297-A16C194753A8}.Debug|Any CPU.ActiveCfg = Debug|Any CPU
		{774046B0-CDB5-4F6B-B297-A16C194753A8}.Debug|Any CPU.Build.0 = Debug|Any CPU
		{774046B0-CDB5-4F6B-B297-A16C194753A8}.Release|Any CPU.ActiveCfg = Release|Any CPU
		{774046B0-CDB5-4F6B-B297-A16C194753A8}.Release|Any CPU.Build.0 = Release|Any CPU
	EndGlobalSection
	GlobalSection(SolutionProperties) = preSolution
		HideSolutionNode = FALSE
	EndGlobalSection
	GlobalSection(ExtensibilityGlobals) = postSolution
		SolutionGuid = {C8713982-5669-42D3-A3ED-20A1BBED482D}
	EndGlobalSection
EndGlobal
